
Microsoft Visual Studio Solution File, Format Version 12.00
# Visual Studio Version 17
VisualStudioVersion = 17.3.32929.385
MinimumVisualStudioVersion = 10.0.40219.1
Project("{FAE04EC0-301F-11D3-BF4B-00C04F79EFBC}") = "BerberKuafor", "BerberKuafor.csproj", "{C5F975D1-9744-4140-A612-E075CBF62C87}"
EndProject
Global
	GlobalSection(SolutionConfigurationPlatforms) = preSolution
		Debug|Any CPU = Debug|Any CPU
		Release|Any CPU = Release|Any CPU
	EndGlobalSection
	GlobalSection(ProjectConfigurationPlatforms) = postSolution
		{C5F975D1-9744-4140-A612-E075CBF62C87}.Debug|Any CPU.ActiveCfg = Debug|Any CPU
		{C5F975D1-9744-4140-A612-E075CBF62C87}.Debug|Any CPU.Build.0 = Debug|Any CPU
		{C5F975D1-9744-4140-A612-E075CBF62C87}.Release|Any CPU.ActiveCfg = Release|Any CPU
		{C5F975D1-9744-4140-A612-E075CBF62C87}.Release|Any CPU.Build.0 = Release|Any CPU
	EndGlobalSection
	GlobalSection(SolutionProperties) = preSolution
		HideSolutionNode = FALSE
	EndGlobalSection
	GlobalSection(ExtensibilityGlobals) = postSolution
		SolutionGuid = {363D8EF3-C30C-4FD1-A499-3D321389B803}
	EndGlobalSection
EndGlobal
